<?xml version="1.0" encoding="utf-8"?>
<Project ToolsVersion="4.0" xmlns="http://schemas.microsoft.com/developer/msbuild/2003">
  <ItemGroup>
    <Filter Include="Fichiers sources">
      <UniqueIdentifier>{4FC737F1-C7A5-4376-A066-2A32D752A2FF}</UniqueIdentifier>
      <Extensions>cpp;c;cc;cxx;c++;cppm;ixx;def;odl;idl;hpj;bat;asm;asmx</Extensions>
    </Filter>
    <Filter Include="Fichiers d%27en-tête">
      <UniqueIdentifier>{93995380-89BD-4b04-88EB-625FBE52EBFB}</UniqueIdentifier>
      <Extensions>h;hh;hpp;hxx;h++;hm;inl;inc;ipp;xsd</Extensions>
    </Filter>
    <Filter Include="Fichiers de ressources">
      <UniqueIdentifier>{67DA6AB6-F800-4c08-8B7A-83BB121AAD01}</UniqueIdentifier>
      <Extensions>rc;ico;cur;bmp;dlg;rc2;rct;bin;rgs;gif;jpg;jpeg;jpe;resx;tiff;tif;png;wav;mfcribbon-ms</Extensions>
    </Filter>
    <Filter Include="Fichiers de ressources\data">
      <UniqueIdentifier>{ce4a580a-eb3d-4f66-aaef-3255709e20ab}</UniqueIdentifier>
    </Filter>
    <Filter Include="Fichiers de ressources\assets">
      <UniqueIdentifier>{a65ad973-5913-4537-b1e1-94b216aa6c1c}</UniqueIdentifier>
    </Filter>
    <Filter Include="Fichiers de ressources\assets\images">
      <UniqueIdentifier>{1e6a2af7-aa6c-49fa-8ca3-0abafc028f9f}</UniqueIdentifier>
    </Filter>
    <Filter Include="Fichiers de ressources\assets\fonts">
      <UniqueIdentifier>{0eb86846-9c47-48ba-807b-cb90397a80e2}</UniqueIdentifier>
    </Filter>
    <Filter Include="Fichiers de ressources\assets\audio">
      <UniqueIdentifier>{e62831f2-bf01-4ca8-b5b5-b2e9dc91d70f}</UniqueIdentifier>
    </Filter>
    <Filter Include="Fichiers de ressources\data\scoreboards">
      <UniqueIdentifier>{2c751d79-4e0f-4603-8f5d-2f259cfc982c}</UniqueIdentifier>
    </Filter>
    <Filter Include="Fichiers de ressources\assets\favicon">
      <UniqueIdentifier>{e7718b70-92c6-46d3-92fd-4fbfcc7818bb}</UniqueIdentifier>
    </Filter>
  </ItemGroup>
  <ItemGroup>
    <ClCompile Include="main.cpp">
      <Filter>Fichiers sources</Filter>
    </ClCompile>
    <ClCompile Include="Game.cpp">
      <Filter>Fichiers sources</Filter>
    </ClCompile>
    <ClCompile Include="Snake.cpp">
      <Filter>Fichiers sources</Filter>
    </ClCompile>
    <ClCompile Include="Grid.cpp">
      <Filter>Fichiers sources</Filter>
    </ClCompile>
    <ClCompile Include="utils.cpp">
      <Filter>Fichiers sources</Filter>
    </ClCompile>
    <ClCompile Include="Egg.cpp">
      <Filter>Fichiers sources</Filter>
    </ClCompile>
    <ClCompile Include="Menu.cpp">
      <Filter>Fichiers sources</Filter>
    </ClCompile>
    <ClCompile Include="Scoreboard.cpp">
      <Filter>Fichiers sources</Filter>
    </ClCompile>
    <ClCompile Include="Settings.cpp">
      <Filter>Fichiers sources</Filter>
    </ClCompile>
    <ClCompile Include="Button.cpp">
      <Filter>Fichiers sources</Filter>
    </ClCompile>
    <ClCompile Include="Save.cpp">
      <Filter>Fichiers sources</Filter>
    </ClCompile>
  </ItemGroup>
  <ItemGroup>
    <None Include="data\save.json">
      <Filter>Fichiers de ressources\data</Filter>
    </None>
    <None Include="data\settings.json">
      <Filter>Fichiers de ressources\data</Filter>
    </None>
    <None Include="data\scoreboards\DEATH_TRAP_SCOREBOARD">
      <Filter>Fichiers de ressources\data\scoreboards</Filter>
    </None>
    <None Include="data\scoreboards\NORMAL_SCOREBOARD">
      <Filter>Fichiers de ressources\data\scoreboards</Filter>
    </None>
    <None Include="data\scoreboards\SURVIVAL_SCOREBOARD">
      <Filter>Fichiers de ressources\data\scoreboards</Filter>
    </None>
    <None Include="data\scoreboards\SURVIVE_HELL_SCOREBOARD">
      <Filter>Fichiers de ressources\data\scoreboards</Filter>
    </None>
    <None Include="packages.config" />
  </ItemGroup>
  <ItemGroup>
    <ClInclude Include="Game.h">
      <Filter>Fichiers d%27en-tête</Filter>
    </ClInclude>
    <ClInclude Include="Snake.h">
      <Filter>Fichiers d%27en-tête</Filter>
    </ClInclude>
    <ClInclude Include="Grid.h">
      <Filter>Fichiers d%27en-tête</Filter>
    </ClInclude>
    <ClInclude Include="utils.h">
      <Filter>Fichiers d%27en-tête</Filter>
    </ClInclude>
    <ClInclude Include="Egg.h">
      <Filter>Fichiers d%27en-tête</Filter>
    </ClInclude>
    <ClInclude Include="Menu.h">
      <Filter>Fichiers d%27en-tête</Filter>
    </ClInclude>
    <ClInclude Include="Scoreboard.h">
      <Filter>Fichiers d%27en-tête</Filter>
    </ClInclude>
    <ClInclude Include="Settings.h">
      <Filter>Fichiers d%27en-tête</Filter>
    </ClInclude>
    <ClInclude Include="const.h">
      <Filter>Fichiers d%27en-tête</Filter>
    </ClInclude>
    <ClInclude Include="Button.h">
      <Filter>Fichiers d%27en-tête</Filter>
    </ClInclude>
    <ClInclude Include="Save.h">
      <Filter>Fichiers d%27en-tête</Filter>
    </ClInclude>
  </ItemGroup>
  <ItemGroup>
    <Font Include="assets\fonts\PressStart2P.ttf">
      <Filter>Fichiers de ressources\assets\fonts</Filter>
    </Font>
  </ItemGroup>
  <ItemGroup>
    <Media Include="assets\soundEffects\button.wav">
      <Filter>Fichiers de ressources</Filter>
    </Media>
  </ItemGroup>
  <ItemGroup>
    <ResourceCompile Include="icon.rc">
      <Filter>Fichiers de ressources\assets\favicon</Filter>
    </ResourceCompile>
  </ItemGroup>
</Project>